
Microsoft Visual Studio Solution File, Format Version 10.00
# Visual Studio 2008
Project("{8BC9CEB8-8B4A-11D0-8D11-00A0C91BC942}") = "Stub", "Stub.vcproj", "{387D120A-3530-4566-8AB6-EB3ED55FDD6F}"
EndProject
Global
	GlobalSection(SolutionConfigurationPlatforms) = preSolution
		Debug|Win32 = Debug|Win32
		Release|Win32 = Release|Win32
	EndGlobalSection
	GlobalSection(ProjectConfigurationPlatforms) = postSolution
		{387D120A-3530-4566-8AB6-EB3ED55FDD6F}.Debug|Win32.ActiveCfg = Release|Win32
		{387D120A-3530-4566-8AB6-EB3ED55FDD6F}.Debug|Win32.Build.0 = Release|Win32
		{387D120A-3530-4566-8AB6-EB3ED55FDD6F}.Release|Win32.ActiveCfg = Release|Win32
		{387D120A-3530-4566-8AB6-EB3ED55FDD6F}.Release|Win32.Build.0 = Release|Win32
	EndGlobalSection
	GlobalSection(SolutionProperties) = preSolution
		HideSolutionNode = FALSE
	EndGlobalSection
EndGlobal
